// !$*UTF8*$!
{
	archiveVersion = 1;
	classes = {
	};
	objectVersion = 46;
	objects = {

/* Begin PBXBuildFile section */
		56FA74E3AF17B195672AB9FD /* libPods-RMLoggerTests.a in Frameworks */ = {isa = PBXBuildFile; fileRef = 6D064C37C956A1018FEE9EF7 /* libPods-RMLoggerTests.a */; };
		E10B429F1B7CE3E2009741B3 /* RMLogger.h in CopyFiles */ = {isa = PBXBuildFile; fileRef = E10B429E1B7CE3E2009741B3 /* RMLogger.h */; };
		E10B42A11B7CE3E2009741B3 /* RMLogger.m in Sources */ = {isa = PBXBuildFile; fileRef = E10B42A01B7CE3E2009741B3 /* RMLogger.m */; };
		E10B42A71B7CE3E2009741B3 /* libRMLogger.a in Frameworks */ = {isa = PBXBuildFile; fileRef = E10B429B1B7CE3E2009741B3 /* libRMLogger.a */; };
		E10B42B61B7CE46A009741B3 /* RMLoggerTests.m in Sources */ = {isa = PBXBuildFile; fileRef = E10B42B51B7CE46A009741B3 /* RMLoggerTests.m */; };
/* End PBXBuildFile section */

/* Begin PBXContainerItemProxy section */
		E10B42A81B7CE3E2009741B3 /* PBXContainerItemProxy */ = {
			isa = PBXContainerItemProxy;
			containerPortal = E10B42931B7CE3E2009741B3 /* Project object */;
			proxyType = 1;
			remoteGlobalIDString = E10B429A1B7CE3E2009741B3;
			remoteInfo = RMLogger;
		};
/* End PBXContainerItemProxy section */

/* Begin PBXCopyFilesBuildPhase section */
		E10B42991B7CE3E2009741B3 /* CopyFiles */ = {
			isa = PBXCopyFilesBuildPhase;
			buildActionMask = 2147483647;
			dstPath = "include/$(PRODUCT_NAME)";
			dstSubfolderSpec = 16;
			files = (
				E10B429F1B7CE3E2009741B3 /* RMLogger.h in CopyFiles */,
			);
			runOnlyForDeploymentPostprocessing = 0;
		};
/* End PBXCopyFilesBuildPhase section */

/* Begin PBXFileReference section */
		15B33334BC07AB505FF1C47D /* Pods-RMLoggerTests.release.xcconfig */ = {isa = PBXFileReference; includeInIndex = 1; lastKnownFileType = text.xcconfig; name = "Pods-RMLoggerTests.release.xcconfig"; path = "Pods/Target Support Files/Pods-RMLoggerTests/Pods-RMLoggerTests.release.xcconfig"; sourceTree = "<group>"; };
		6D064C37C956A1018FEE9EF7 /* libPods-RMLoggerTests.a */ = {isa = PBXFileReference; explicitFileType = archive.ar; includeInIndex = 0; path = "libPods-RMLoggerTests.a"; sourceTree = BUILT_PRODUCTS_DIR; };
		B3D565B62764A6E37929E810 /* Pods-RMLoggerTests.debug.xcconfig */ = {isa = PBXFileReference; includeInIndex = 1; lastKnownFileType = text.xcconfig; name = "Pods-RMLoggerTests.debug.xcconfig"; path = "Pods/Target Support Files/Pods-RMLoggerTests/Pods-RMLoggerTests.debug.xcconfig"; sourceTree = "<group>"; };
		E10B429B1B7CE3E2009741B3 /* libRMLogger.a */ = {isa = PBXFileReference; explicitFileType = archive.ar; includeInIndex = 0; path = libRMLogger.a; sourceTree = BUILT_PRODUCTS_DIR; };
		E10B429E1B7CE3E2009741B3 /* RMLogger.h */ = {isa = PBXFileReference; lastKnownFileType = sourcecode.c.h; path = RMLogger.h; sourceTree = "<group>"; };
		E10B42A01B7CE3E2009741B3 /* RMLogger.m */ = {isa = PBXFileReference; lastKnownFileType = sourcecode.c.objc; path = RMLogger.m; sourceTree = "<group>"; };
		E10B42A61B7CE3E2009741B3 /* RMLoggerTests.xctest */ = {isa = PBXFileReference; explicitFileType = wrapper.cfbundle; includeInIndex = 0; path = RMLoggerTests.xctest; sourceTree = BUILT_PRODUCTS_DIR; };
		E10B42AC1B7CE3E2009741B3 /* Info.plist */ = {isa = PBXFileReference; lastKnownFileType = text.plist.xml; path = Info.plist; sourceTree = "<group>"; };
		E10B42B51B7CE46A009741B3 /* RMLoggerTests.m */ = {isa = PBXFileReference; fileEncoding = 4; lastKnownFileType = sourcecode.c.objc; path = RMLoggerTests.m; sourceTree = "<group>"; };
/* End PBXFileReference section */

/* Begin PBXFrameworksBuildPhase section */
		E10B42981B7CE3E2009741B3 /* Frameworks */ = {
			isa = PBXFrameworksBuildPhase;
			buildActionMask = 2147483647;
			files = (
			);
			runOnlyForDeploymentPostprocessing = 0;
		};
		E10B42A31B7CE3E2009741B3 /* Frameworks */ = {
			isa = PBXFrameworksBuildPhase;
			buildActionMask = 2147483647;
			files = (
				E10B42A71B7CE3E2009741B3 /* libRMLogger.a in Frameworks */,
				56FA74E3AF17B195672AB9FD /* libPods-RMLoggerTests.a in Frameworks */,
			);
			runOnlyForDeploymentPostprocessing = 0;
		};
/* End PBXFrameworksBuildPhase section */

/* Begin PBXGroup section */
		52F6B40FC88AB5F9AD0EF6EA /* Frameworks */ = {
			isa = PBXGroup;
			children = (
				6D064C37C956A1018FEE9EF7 /* libPods-RMLoggerTests.a */,
			);
			name = Frameworks;
			sourceTree = "<group>";
		};
		7347BE905C03BD3C6533B48C /* Pods */ = {
			isa = PBXGroup;
			children = (
				B3D565B62764A6E37929E810 /* Pods-RMLoggerTests.debug.xcconfig */,
				15B33334BC07AB505FF1C47D /* Pods-RMLoggerTests.release.xcconfig */,
			);
			name = Pods;
			sourceTree = "<group>";
		};
		E10B42921B7CE3E2009741B3 = {
			isa = PBXGroup;
			children = (
				E10B429D1B7CE3E2009741B3 /* RMLogger */,
				E10B42AA1B7CE3E2009741B3 /* RMLoggerTests */,
				E10B429C1B7CE3E2009741B3 /* Products */,
				7347BE905C03BD3C6533B48C /* Pods */,
				52F6B40FC88AB5F9AD0EF6EA /* Frameworks */,
			);
			sourceTree = "<group>";
		};
		E10B429C1B7CE3E2009741B3 /* Products */ = {
			isa = PBXGroup;
			children = (
				E10B429B1B7CE3E2009741B3 /* libRMLogger.a */,
				E10B42A61B7CE3E2009741B3 /* RMLoggerTests.xctest */,
			);
			name = Products;
			sourceTree = "<group>";
		};
		E10B429D1B7CE3E2009741B3 /* RMLogger */ = {
			isa = PBXGroup;
			children = (
				E10B429E1B7CE3E2009741B3 /* RMLogger.h */,
				E10B42A01B7CE3E2009741B3 /* RMLogger.m */,
			);
			path = RMLogger;
			sourceTree = "<group>";
		};
		E10B42AA1B7CE3E2009741B3 /* RMLoggerTests */ = {
			isa = PBXGroup;
			children = (
				E10B42AB1B7CE3E2009741B3 /* Supporting Files */,
				E10B42B51B7CE46A009741B3 /* RMLoggerTests.m */,
			);
			path = RMLoggerTests;
			sourceTree = "<group>";
		};
		E10B42AB1B7CE3E2009741B3 /* Supporting Files */ = {
			isa = PBXGroup;
			children = (
				E10B42AC1B7CE3E2009741B3 /* Info.plist */,
			);
			name = "Supporting Files";
			sourceTree = "<group>";
		};
/* End PBXGroup section */

/* Begin PBXNativeTarget section */
		E10B429A1B7CE3E2009741B3 /* RMLogger */ = {
			isa = PBXNativeTarget;
			buildConfigurationList = E10B42AF1B7CE3E2009741B3 /* Build configuration list for PBXNativeTarget "RMLogger" */;
			buildPhases = (
				E10B42971B7CE3E2009741B3 /* Sources */,
				E10B42981B7CE3E2009741B3 /* Frameworks */,
				E10B42991B7CE3E2009741B3 /* CopyFiles */,
			);
			buildRules = (
			);
			dependencies = (
			);
			name = RMLogger;
			productName = RMLogger;
			productReference = E10B429B1B7CE3E2009741B3 /* libRMLogger.a */;
			productType = "com.apple.product-type.library.static";
		};
		E10B42A51B7CE3E2009741B3 /* RMLoggerTests */ = {
			isa = PBXNativeTarget;
			buildConfigurationList = E10B42B21B7CE3E2009741B3 /* Build configuration list for PBXNativeTarget "RMLoggerTests" */;
			buildPhases = (
				D521E75322D12C647B3365C6 /* Check Pods Manifest.lock */,
				E10B42A21B7CE3E2009741B3 /* Sources */,
				E10B42A31B7CE3E2009741B3 /* Frameworks */,
				E10B42A41B7CE3E2009741B3 /* Resources */,
				119EAB189CD6FB1649C88573 /* Copy Pods Resources */,
			);
			buildRules = (
			);
			dependencies = (
				E10B42A91B7CE3E2009741B3 /* PBXTargetDependency */,
			);
			name = RMLoggerTests;
			productName = RMLoggerTests;
			productReference = E10B42A61B7CE3E2009741B3 /* RMLoggerTests.xctest */;
			productType = "com.apple.product-type.bundle.unit-test";
		};
/* End PBXNativeTarget section */

/* Begin PBXProject section */
		E10B42931B7CE3E2009741B3 /* Project object */ = {
			isa = PBXProject;
			attributes = {
				LastUpgradeCheck = 0640;
				ORGANIZATIONNAME = "Robert Mißbach";
				TargetAttributes = {
					E10B429A1B7CE3E2009741B3 = {
						CreatedOnToolsVersion = 6.4;
					};
					E10B42A51B7CE3E2009741B3 = {
						CreatedOnToolsVersion = 6.4;
					};
				};
			};
			buildConfigurationList = E10B42961B7CE3E2009741B3 /* Build configuration list for PBXProject "RMLogger" */;
			compatibilityVersion = "Xcode 3.2";
			developmentRegion = English;
			hasScannedForEncodings = 0;
			knownRegions = (
				en,
			);
			mainGroup = E10B42921B7CE3E2009741B3;
			productRefGroup = E10B429C1B7CE3E2009741B3 /* Products */;
			projectDirPath = "";
			projectRoot = "";
			targets = (
				E10B429A1B7CE3E2009741B3 /* RMLogger */,
				E10B42A51B7CE3E2009741B3 /* RMLoggerTests */,
			);
		};
/* End PBXProject section */

/* Begin PBXResourcesBuildPhase section */
		E10B42A41B7CE3E2009741B3 /* Resources */ = {
			isa = PBXResourcesBuildPhase;
			buildActionMask = 2147483647;
			files = (
			);
			runOnlyForDeploymentPostprocessing = 0;
		};
/* End PBXResourcesBuildPhase section */

/* Begin PBXShellScriptBuildPhase section */
		119EAB189CD6FB1649C88573 /* Copy Pods Resources */ = {
			isa = PBXShellScriptBuildPhase;
			buildActionMask = 2147483647;
			files = (
			);
			inputPaths = (
			);
			name = "Copy Pods Resources";
			outputPaths = (
			);
			runOnlyForDeploymentPostprocessing = 0;
			shellPath = /bin/sh;
			shellScript = "\"${SRCROOT}/Pods/Target Support Files/Pods-RMLoggerTests/Pods-RMLoggerTests-resources.sh\"\n";
			showEnvVarsInLog = 0;
		};
		D521E75322D12C647B3365C6 /* Check Pods Manifest.lock */ = {
			isa = PBXShellScriptBuildPhase;
			buildActionMask = 2147483647;
			files = (
			);
			inputPaths = (
			);
			name = "Check Pods Manifest.lock";
			outputPaths = (
			);
			runOnlyForDeploymentPostprocessing = 0;
			shellPath = /bin/sh;
			shellScript = "diff \"${PODS_ROOT}/../Podfile.lock\" \"${PODS_ROOT}/Manifest.lock\" > /dev/null\nif [[ $? != 0 ]] ; then\n    cat << EOM\nerror: The sandbox is not in sync with the Podfile.lock. Run 'pod install' or update your CocoaPods installation.\nEOM\n    exit 1\nfi\n";
			showEnvVarsInLog = 0;
		};
/* End PBXShellScriptBuildPhase section */

/* Begin PBXSourcesBuildPhase section */
		E10B42971B7CE3E2009741B3 /* Sources */ = {
			isa = PBXSourcesBuildPhase;
			buildActionMask = 2147483647;
			files = (
				E10B42A11B7CE3E2009741B3 /* RMLogger.m in Sources */,
			);
			runOnlyForDeploymentPostprocessing = 0;
		};
		E10B42A21B7CE3E2009741B3 /* Sources */ = {
			isa = PBXSourcesBuildPhase;
			buildActionMask = 2147483647;
			files = (
				E10B42B61B7CE46A009741B3 /* RMLoggerTests.m in Sources */,
			);
			runOnlyForDeploymentPostprocessing = 0;
		};
/* End PBXSourcesBuildPhase section */

/* Begin PBXTargetDependency section */
		E10B42A91B7CE3E2009741B3 /* PBXTargetDependency */ = {
			isa = PBXTargetDependency;
			target = E10B429A1B7CE3E2009741B3 /* RMLogger */;
			targetProxy = E10B42A81B7CE3E2009741B3 /* PBXContainerItemProxy */;
		};
/* End PBXTargetDependency section */

/* Begin XCBuildConfiguration section */
		E10B42AD1B7CE3E2009741B3 /* Debug */ = {
			isa = XCBuildConfiguration;
			buildSettings = {
				ALWAYS_SEARCH_USER_PATHS = NO;
				CLANG_CXX_LANGUAGE_STANDARD = "gnu++0x";
				CLANG_CXX_LIBRARY = "libc++";
				CLANG_ENABLE_MODULES = YES;
				CLANG_ENABLE_OBJC_ARC = YES;
				CLANG_WARN_BOOL_CONVERSION = YES;
				CLANG_WARN_CONSTANT_CONVERSION = YES;
				CLANG_WARN_DIRECT_OBJC_ISA_USAGE = YES_ERROR;
				CLANG_WARN_EMPTY_BODY = YES;
				CLANG_WARN_ENUM_CONVERSION = YES;
				CLANG_WARN_INT_CONVERSION = YES;
				CLANG_WARN_OBJC_ROOT_CLASS = YES_ERROR;
				CLANG_WARN_UNREACHABLE_CODE = YES;
				CLANG_WARN__DUPLICATE_METHOD_MATCH = YES;
				COPY_PHASE_STRIP = NO;
				DEBUG_INFORMATION_FORMAT = "dwarf-with-dsym";
				ENABLE_STRICT_OBJC_MSGSEND = YES;
				GCC_C_LANGUAGE_STANDARD = gnu99;
				GCC_DYNAMIC_NO_PIC = NO;
				GCC_NO_COMMON_BLOCKS = YES;
				GCC_OPTIMIZATION_LEVEL = 0;
				GCC_PREPROCESSOR_DEFINITIONS = (
					"DEBUG=1",
					"$(inherited)",
				);
				GCC_SYMBOLS_PRIVATE_EXTERN = NO;
				GCC_WARN_64_TO_32_BIT_CONVERSION = YES;
				GCC_WARN_ABOUT_RETURN_TYPE = YES_ERROR;
				GCC_WARN_UNDECLARED_SELECTOR = YES;
				GCC_WARN_UNINITIALIZED_AUTOS = YES_AGGRESSIVE;
				GCC_WARN_UNUSED_FUNCTION = YES;
				GCC_WARN_UNUSED_VARIABLE = YES;
				IPHONEOS_DEPLOYMENT_TARGET = 8.4;
				MTL_ENABLE_DEBUG_INFO = YES;
				ONLY_ACTIVE_ARCH = YES;
				SDKROOT = iphoneos;
			};
			name = Debug;
		};
		E10B42AE1B7CE3E2009741B3 /* Release */ = {
			isa = XCBuildConfiguration;
			buildSettings = {
				ALWAYS_SEARCH_USER_PATHS = NO;
				CLANG_CXX_LANGUAGE_STANDARD = "gnu++0x";
				CLANG_CXX_LIBRARY = "libc++";
				CLANG_ENABLE_MODULES = YES;
				CLANG_ENABLE_OBJC_ARC = YES;
				CLANG_WARN_BOOL_CONVERSION = YES;
				CLANG_WARN_CONSTANT_CONVERSION = YES;
				CLANG_WARN_DIRECT_OBJC_ISA_USAGE = YES_ERROR;
				CLANG_WARN_EMPTY_BODY = YES;
				CLANG_WARN_ENUM_CONVERSION = YES;
				CLANG_WARN_INT_CONVERSION = YES;
				CLANG_WARN_OBJC_ROOT_CLASS = YES_ERROR;
				CLANG_WARN_UNREACHABLE_CODE = YES;
				CLANG_WARN__DUPLICATE_METHOD_MATCH = YES;
				COPY_PHASE_STRIP = NO;
				DEBUG_INFORMATION_FORMAT = "dwarf-with-dsym";
				ENABLE_NS_ASSERTIONS = NO;
				ENABLE_STRICT_OBJC_MSGSEND = YES;
				GCC_C_LANGUAGE_STANDARD = gnu99;
				GCC_NO_COMMON_BLOCKS = YES;
				GCC_WARN_64_TO_32_BIT_CONVERSION = YES;
				GCC_WARN_ABOUT_RETURN_TYPE = YES_ERROR;
				GCC_WARN_UNDECLARED_SELECTOR = YES;
				GCC_WARN_UNINITIALIZED_AUTOS = YES_AGGRESSIVE;
				GCC_WARN_UNUSED_FUNCTION = YES;
				GCC_WARN_UNUSED_VARIABLE = YES;
				IPHONEOS_DEPLOYMENT_TARGET = 8.4;
				MTL_ENABLE_DEBUG_INFO = NO;
				SDKROOT = iphoneos;
				VALIDATE_PRODUCT = YES;
			};
			name = Release;
		};
		E10B42B01B7CE3E2009741B3 /* Debug */ = {
			isa = XCBuildConfiguration;
			buildSettings = {
				OTHER_LDFLAGS = "-ObjC";
				PRODUCT_NAME = "$(TARGET_NAME)";
				SKIP_INSTALL = YES;
			};
			name = Debug;
		};
		E10B42B11B7CE3E2009741B3 /* Release */ = {
			isa = XCBuildConfiguration;
			buildSettings = {
				OTHER_LDFLAGS = "-ObjC";
				PRODUCT_NAME = "$(TARGET_NAME)";
				SKIP_INSTALL = YES;
			};
			name = Release;
		};
		E10B42B31B7CE3E2009741B3 /* Debug */ = {
			isa = XCBuildConfiguration;
			baseConfigurationReference = B3D565B62764A6E37929E810 /* Pods-RMLoggerTests.debug.xcconfig */;
			buildSettings = {
				"CODE_SIGN_IDENTITY[sdk=iphoneos*]" = "iPhone Developer";
				FRAMEWORK_SEARCH_PATHS = (
					"$(SDKROOT)/Developer/Library/Frameworks",
					"$(inherited)",
				);
				GCC_PREPROCESSOR_DEFINITIONS = (
					"DEBUG=1",
					"$(inherited)",
				);
				INFOPLIST_FILE = RMLoggerTests/Info.plist;
				LD_RUNPATH_SEARCH_PATHS = "$(inherited) @executable_path/Frameworks @loader_path/Frameworks";
				PRODUCT_NAME = "$(TARGET_NAME)";
			};
			name = Debug;
		};
		E10B42B41B7CE3E2009741B3 /* Release */ = {
			isa = XCBuildConfiguration;
			baseConfigurationReference = 15B33334BC07AB505FF1C47D /* Pods-RMLoggerTests.release.xcconfig */;
			buildSettings = {
				"CODE_SIGN_IDENTITY[sdk=iphoneos*]" = "iPhone Developer";
				FRAMEWORK_SEARCH_PATHS = (
					"$(SDKROOT)/Developer/Library/Frameworks",
					"$(inherited)",
				);
				INFOPLIST_FILE = RMLoggerTests/Info.plist;
				LD_RUNPATH_SEARCH_PATHS = "$(inherited) @executable_path/Frameworks @loader_path/Frameworks";
				PRODUCT_NAME = "$(TARGET_NAME)";
			};
			name = Release;
		};
/* End XCBuildConfiguration section */

/* Begin XCConfigurationList section */
		E10B42961B7CE3E2009741B3 /* Build configuration list for PBXProject "RMLogger" */ = {
			isa = XCConfigurationList;
			buildConfigurations = (
				E10B42AD1B7CE3E2009741B3 /* Debug */,
				E10B42AE1B7CE3E2009741B3 /* Release */,
			);
			defaultConfigurationIsVisible = 0;
			defaultConfigurationName = Release;
		};
		E10B42AF1B7CE3E2009741B3 /* Build configuration list for PBXNativeTarget "RMLogger" */ = {
			isa = XCConfigurationList;
			buildConfigurations = (
				E10B42B01B7CE3E2009741B3 /* Debug */,
				E10B42B11B7CE3E2009741B3 /* Release */,
			);
			defaultConfigurationIsVisible = 0;
			defaultConfigurationName = Release;
		};
		E10B42B21B7CE3E2009741B3 /* Build configuration list for PBXNativeTarget "RMLoggerTests" */ = {
			isa = XCConfigurationList;
			buildConfigurations = (
				E10B42B31B7CE3E2009741B3 /* Debug */,
				E10B42B41B7CE3E2009741B3 /* Release */,
			);
			defaultConfigurationIsVisible = 0;
			defaultConfigurationName = Release;
		};
/* End XCConfigurationList section */
	};
	rootObject = E10B42931B7CE3E2009741B3 /* Project object */;
}
